
Microsoft Visual Studio Solution File, Format Version 12.00
# Visual Studio Version 17
VisualStudioVersion = 17.7.34202.233
MinimumVisualStudioVersion = 10.0.40219.1
Project("{FAE04EC0-301F-11D3-BF4B-00C04F79EFBC}") = "ModeloVirtualDIW", "ModeloVirtualDIW\ModeloVirtualDIW.csproj", "{9571626B-F1B1-446A-8D9E-39E5C29F0435}"
EndProject
Project("{FAE04EC0-301F-11D3-BF4B-00C04F79EFBC}") = "DAL", "DAL\DAL.csproj", "{A970920D-53C3-4D48-BD4D-3E875313C619}"
EndProject
Global
	GlobalSection(SolutionConfigurationPlatforms) = preSolution
		Debug|Any CPU = Debug|Any CPU
		Release|Any CPU = Release|Any CPU
	EndGlobalSection
	GlobalSection(ProjectConfigurationPlatforms) = postSolution
		{9571626B-F1B1-446A-8D9E-39E5C29F0435}.Debug|Any CPU.ActiveCfg = Debug|Any CPU
		{9571626B-F1B1-446A-8D9E-39E5C29F0435}.Debug|Any CPU.Build.0 = Debug|Any CPU
		{9571626B-F1B1-446A-8D9E-39E5C29F0435}.Release|Any CPU.ActiveCfg = Release|Any CPU
		{9571626B-F1B1-446A-8D9E-39E5C29F0435}.Release|Any CPU.Build.0 = Release|Any CPU
		{A970920D-53C3-4D48-BD4D-3E875313C619}.Debug|Any CPU.ActiveCfg = Debug|Any CPU
		{A970920D-53C3-4D48-BD4D-3E875313C619}.Debug|Any CPU.Build.0 = Debug|Any CPU
		{A970920D-53C3-4D48-BD4D-3E875313C619}.Release|Any CPU.ActiveCfg = Release|Any CPU
		{A970920D-53C3-4D48-BD4D-3E875313C619}.Release|Any CPU.Build.0 = Release|Any CPU
	EndGlobalSection
	GlobalSection(SolutionProperties) = preSolution
		HideSolutionNode = FALSE
	EndGlobalSection
	GlobalSection(ExtensibilityGlobals) = postSolution
		SolutionGuid = {5DA210BF-60A8-4E3F-AFEB-140156C39FF3}
	EndGlobalSection
EndGlobal
